// !$*UTF8*$!
{
	archiveVersion = 1;
	classes = {
	};
	objectVersion = 56;
	objects = {

/* Begin PBXBuildFile section */
		0970EBEE2AA8721600E88014 /* libGCDWebServer-Swift.a in Frameworks */ = {isa = PBXBuildFile; fileRef = 09E1FFBC2A99A19500C4AE69 /* libGCDWebServer-Swift.a */; };
		0970EBF42AA8721D00E88014 /* GCDWebServerConnectionTests.swift in Sources */ = {isa = PBXBuildFile; fileRef = 0970EBEC2AA8721600E88014 /* GCDWebServerConnectionTests.swift */; };
		09E1FFC02A99A19500C4AE69 /* GCDWebServer.swift in Sources */ = {isa = PBXBuildFile; fileRef = 09E1FFBF2A99A19500C4AE69 /* GCDWebServer.swift */; };
		09E1FFD12A99D4BF00C4AE69 /* libGCDWebServer-Swift.a in Frameworks */ = {isa = PBXBuildFile; fileRef = 09E1FFBC2A99A19500C4AE69 /* libGCDWebServer-Swift.a */; };
		09E1FFD72A99D4C700C4AE69 /* GCDWebServerTests.swift in Sources */ = {isa = PBXBuildFile; fileRef = 09E1FFC72A99C76C00C4AE69 /* GCDWebServerTests.swift */; };
		09E1FFDE2AA233DE00C4AE69 /* GCDWebServer+Testing.swift in Sources */ = {isa = PBXBuildFile; fileRef = 09E1FFDD2AA233DE00C4AE69 /* GCDWebServer+Testing.swift */; };
		09E1FFE02AA233F700C4AE69 /* GCDWebServerConnection.swift .swift in Sources */ = {isa = PBXBuildFile; fileRef = 09E1FFDF2AA233F700C4AE69 /* GCDWebServerConnection.swift .swift */; };
		09E1FFE22AA2341D00C4AE69 /* GCDWebServerRequest.swift .swift in Sources */ = {isa = PBXBuildFile; fileRef = 09E1FFE12AA2341D00C4AE69 /* GCDWebServerRequest.swift .swift */; };
/* End PBXBuildFile section */

/* Begin PBXContainerItemProxy section */
		0970EBEF2AA8721600E88014 /* PBXContainerItemProxy */ = {
			isa = PBXContainerItemProxy;
			containerPortal = 09E1FFB42A99A19500C4AE69 /* Project object */;
			proxyType = 1;
			remoteGlobalIDString = 09E1FFBB2A99A19500C4AE69;
			remoteInfo = "GCDWebServer-Swift";
		};
		09E1FFD22A99D4BF00C4AE69 /* PBXContainerItemProxy */ = {
			isa = PBXContainerItemProxy;
			containerPortal = 09E1FFB42A99A19500C4AE69 /* Project object */;
			proxyType = 1;
			remoteGlobalIDString = 09E1FFBB2A99A19500C4AE69;
			remoteInfo = "GCDWebServer-Swift";
		};
/* End PBXContainerItemProxy section */

/* Begin PBXCopyFilesBuildPhase section */
		09E1FFBA2A99A19500C4AE69 /* CopyFiles */ = {
			isa = PBXCopyFilesBuildPhase;
			buildActionMask = 2147483647;
			dstPath = "include/$(PRODUCT_NAME)";
			dstSubfolderSpec = 16;
			files = (
			);
			runOnlyForDeploymentPostprocessing = 0;
		};
/* End PBXCopyFilesBuildPhase section */

/* Begin PBXFileReference section */
		0970EBEA2AA8721600E88014 /* GCDWebServerConnectionTests.xctest */ = {isa = PBXFileReference; explicitFileType = wrapper.cfbundle; includeInIndex = 0; path = GCDWebServerConnectionTests.xctest; sourceTree = BUILT_PRODUCTS_DIR; };
		0970EBEC2AA8721600E88014 /* GCDWebServerConnectionTests.swift */ = {isa = PBXFileReference; lastKnownFileType = sourcecode.swift; path = GCDWebServerConnectionTests.swift; sourceTree = "<group>"; };
		09E1FFBC2A99A19500C4AE69 /* libGCDWebServer-Swift.a */ = {isa = PBXFileReference; explicitFileType = archive.ar; includeInIndex = 0; path = "libGCDWebServer-Swift.a"; sourceTree = BUILT_PRODUCTS_DIR; };
		09E1FFBF2A99A19500C4AE69 /* GCDWebServer.swift */ = {isa = PBXFileReference; lastKnownFileType = sourcecode.swift; path = GCDWebServer.swift; sourceTree = "<group>"; };
		09E1FFC72A99C76C00C4AE69 /* GCDWebServerTests.swift */ = {isa = PBXFileReference; lastKnownFileType = sourcecode.swift; path = GCDWebServerTests.swift; sourceTree = "<group>"; };
		09E1FFCD2A99D4BF00C4AE69 /* Tests.xctest */ = {isa = PBXFileReference; explicitFileType = wrapper.cfbundle; includeInIndex = 0; path = Tests.xctest; sourceTree = BUILT_PRODUCTS_DIR; };
		09E1FFDD2AA233DE00C4AE69 /* GCDWebServer+Testing.swift */ = {isa = PBXFileReference; lastKnownFileType = sourcecode.swift; path = "GCDWebServer+Testing.swift"; sourceTree = "<group>"; };
		09E1FFDF2AA233F700C4AE69 /* GCDWebServerConnection.swift .swift */ = {isa = PBXFileReference; lastKnownFileType = sourcecode.swift; path = "GCDWebServerConnection.swift .swift"; sourceTree = "<group>"; };
		09E1FFE12AA2341D00C4AE69 /* GCDWebServerRequest.swift .swift */ = {isa = PBXFileReference; lastKnownFileType = sourcecode.swift; path = "GCDWebServerRequest.swift .swift"; sourceTree = "<group>"; };
/* End PBXFileReference section */

/* Begin PBXFrameworksBuildPhase section */
		0970EBE72AA8721600E88014 /* Frameworks */ = {
			isa = PBXFrameworksBuildPhase;
			buildActionMask = 2147483647;
			files = (
				0970EBEE2AA8721600E88014 /* libGCDWebServer-Swift.a in Frameworks */,
			);
			runOnlyForDeploymentPostprocessing = 0;
		};
		09E1FFB92A99A19500C4AE69 /* Frameworks */ = {
			isa = PBXFrameworksBuildPhase;
			buildActionMask = 2147483647;
			files = (
			);
			runOnlyForDeploymentPostprocessing = 0;
		};
		09E1FFCA2A99D4BF00C4AE69 /* Frameworks */ = {
			isa = PBXFrameworksBuildPhase;
			buildActionMask = 2147483647;
			files = (
				09E1FFD12A99D4BF00C4AE69 /* libGCDWebServer-Swift.a in Frameworks */,
			);
			runOnlyForDeploymentPostprocessing = 0;
		};
/* End PBXFrameworksBuildPhase section */

/* Begin PBXGroup section */
		09E1FFB32A99A19500C4AE69 = {
			isa = PBXGroup;
			children = (
				09E1FFBE2A99A19500C4AE69 /* GCDWebServer-Swift */,
				09E1FFCE2A99D4BF00C4AE69 /* Tests */,
				09E1FFBD2A99A19500C4AE69 /* Products */,
			);
			sourceTree = "<group>";
		};
		09E1FFBD2A99A19500C4AE69 /* Products */ = {
			isa = PBXGroup;
			children = (
				09E1FFBC2A99A19500C4AE69 /* libGCDWebServer-Swift.a */,
				09E1FFCD2A99D4BF00C4AE69 /* Tests.xctest */,
				0970EBEA2AA8721600E88014 /* GCDWebServerConnectionTests.xctest */,
			);
			name = Products;
			sourceTree = "<group>";
		};
		09E1FFBE2A99A19500C4AE69 /* GCDWebServer-Swift */ = {
			isa = PBXGroup;
			children = (
				09E1FFD82A9C7DA500C4AE69 /* Core */,
			);
			path = "GCDWebServer-Swift";
			sourceTree = "<group>";
		};
		09E1FFCE2A99D4BF00C4AE69 /* Tests */ = {
			isa = PBXGroup;
			children = (
				09E1FFC72A99C76C00C4AE69 /* GCDWebServerTests.swift */,
				0970EBEC2AA8721600E88014 /* GCDWebServerConnectionTests.swift */,
			);
			path = Tests;
			sourceTree = "<group>";
		};
		09E1FFD82A9C7DA500C4AE69 /* Core */ = {
			isa = PBXGroup;
			children = (
				09E1FFBF2A99A19500C4AE69 /* GCDWebServer.swift */,
				09E1FFE12AA2341D00C4AE69 /* GCDWebServerRequest.swift .swift */,
				09E1FFDF2AA233F700C4AE69 /* GCDWebServerConnection.swift .swift */,
				09E1FFDD2AA233DE00C4AE69 /* GCDWebServer+Testing.swift */,
			);
			path = Core;
			sourceTree = "<group>";
		};
/* End PBXGroup section */

/* Begin PBXNativeTarget section */
		0970EBE92AA8721600E88014 /* GCDWebServerConnectionTests */ = {
			isa = PBXNativeTarget;
			buildConfigurationList = 0970EBF12AA8721600E88014 /* Build configuration list for PBXNativeTarget "GCDWebServerConnectionTests" */;
			buildPhases = (
				0970EBE62AA8721600E88014 /* Sources */,
				0970EBE72AA8721600E88014 /* Frameworks */,
				0970EBE82AA8721600E88014 /* Resources */,
			);
			buildRules = (
			);
			dependencies = (
				0970EBF02AA8721600E88014 /* PBXTargetDependency */,
			);
			name = GCDWebServerConnectionTests;
			productName = GCDWebServerConnectionTests;
			productReference = 0970EBEA2AA8721600E88014 /* GCDWebServerConnectionTests.xctest */;
			productType = "com.apple.product-type.bundle.unit-test";
		};
		09E1FFBB2A99A19500C4AE69 /* GCDWebServer-Swift */ = {
			isa = PBXNativeTarget;
			buildConfigurationList = 09E1FFC32A99A19500C4AE69 /* Build configuration list for PBXNativeTarget "GCDWebServer-Swift" */;
			buildPhases = (
				09E1FFB82A99A19500C4AE69 /* Sources */,
				09E1FFB92A99A19500C4AE69 /* Frameworks */,
				09E1FFBA2A99A19500C4AE69 /* CopyFiles */,
			);
			buildRules = (
			);
			dependencies = (
			);
			name = "GCDWebServer-Swift";
			productName = "GCDWebServer-Swift";
			productReference = 09E1FFBC2A99A19500C4AE69 /* libGCDWebServer-Swift.a */;
			productType = "com.apple.product-type.library.static";
		};
		09E1FFCC2A99D4BF00C4AE69 /* Tests */ = {
			isa = PBXNativeTarget;
			buildConfigurationList = 09E1FFD42A99D4BF00C4AE69 /* Build configuration list for PBXNativeTarget "Tests" */;
			buildPhases = (
				09E1FFC92A99D4BF00C4AE69 /* Sources */,
				09E1FFCA2A99D4BF00C4AE69 /* Frameworks */,
				09E1FFCB2A99D4BF00C4AE69 /* Resources */,
			);
			buildRules = (
			);
			dependencies = (
				09E1FFD32A99D4BF00C4AE69 /* PBXTargetDependency */,
			);
			name = Tests;
			productName = Tests;
			productReference = 09E1FFCD2A99D4BF00C4AE69 /* Tests.xctest */;
			productType = "com.apple.product-type.bundle.unit-test";
		};
/* End PBXNativeTarget section */

/* Begin PBXProject section */
		09E1FFB42A99A19500C4AE69 /* Project object */ = {
			isa = PBXProject;
			attributes = {
				BuildIndependentTargetsInParallel = 1;
				LastSwiftUpdateCheck = 1430;
				LastUpgradeCheck = 1430;
				TargetAttributes = {
					0970EBE92AA8721600E88014 = {
						CreatedOnToolsVersion = 14.3.1;
					};
					09E1FFBB2A99A19500C4AE69 = {
						CreatedOnToolsVersion = 14.3.1;
					};
					09E1FFCC2A99D4BF00C4AE69 = {
						CreatedOnToolsVersion = 14.3.1;
					};
				};
			};
			buildConfigurationList = 09E1FFB72A99A19500C4AE69 /* Build configuration list for PBXProject "GCDWebServer-Swift" */;
			compatibilityVersion = "Xcode 14.0";
			developmentRegion = en;
			hasScannedForEncodings = 0;
			knownRegions = (
				en,
				Base,
			);
			mainGroup = 09E1FFB32A99A19500C4AE69;
			productRefGroup = 09E1FFBD2A99A19500C4AE69 /* Products */;
			projectDirPath = "";
			projectRoot = "";
			targets = (
				09E1FFBB2A99A19500C4AE69 /* GCDWebServer-Swift */,
				09E1FFCC2A99D4BF00C4AE69 /* Tests */,
				0970EBE92AA8721600E88014 /* GCDWebServerConnectionTests */,
			);
		};
/* End PBXProject section */

/* Begin PBXResourcesBuildPhase section */
		0970EBE82AA8721600E88014 /* Resources */ = {
			isa = PBXResourcesBuildPhase;
			buildActionMask = 2147483647;
			files = (
			);
			runOnlyForDeploymentPostprocessing = 0;
		};
		09E1FFCB2A99D4BF00C4AE69 /* Resources */ = {
			isa = PBXResourcesBuildPhase;
			buildActionMask = 2147483647;
			files = (
			);
			runOnlyForDeploymentPostprocessing = 0;
		};
/* End PBXResourcesBuildPhase section */

/* Begin PBXSourcesBuildPhase section */
		0970EBE62AA8721600E88014 /* Sources */ = {
			isa = PBXSourcesBuildPhase;
			buildActionMask = 2147483647;
			files = (
			);
			runOnlyForDeploymentPostprocessing = 0;
		};
		09E1FFB82A99A19500C4AE69 /* Sources */ = {
			isa = PBXSourcesBuildPhase;
			buildActionMask = 2147483647;
			files = (
				09E1FFE22AA2341D00C4AE69 /* GCDWebServerRequest.swift .swift in Sources */,
				09E1FFE02AA233F700C4AE69 /* GCDWebServerConnection.swift .swift in Sources */,
				09E1FFC02A99A19500C4AE69 /* GCDWebServer.swift in Sources */,
				09E1FFDE2AA233DE00C4AE69 /* GCDWebServer+Testing.swift in Sources */,
			);
			runOnlyForDeploymentPostprocessing = 0;
		};
		09E1FFC92A99D4BF00C4AE69 /* Sources */ = {
			isa = PBXSourcesBuildPhase;
			buildActionMask = 2147483647;
			files = (
				0970EBF42AA8721D00E88014 /* GCDWebServerConnectionTests.swift in Sources */,
				09E1FFD72A99D4C700C4AE69 /* GCDWebServerTests.swift in Sources */,
			);
			runOnlyForDeploymentPostprocessing = 0;
		};
/* End PBXSourcesBuildPhase section */

/* Begin PBXTargetDependency section */
		0970EBF02AA8721600E88014 /* PBXTargetDependency */ = {
			isa = PBXTargetDependency;
			target = 09E1FFBB2A99A19500C4AE69 /* GCDWebServer-Swift */;
			targetProxy = 0970EBEF2AA8721600E88014 /* PBXContainerItemProxy */;
		};
		09E1FFD32A99D4BF00C4AE69 /* PBXTargetDependency */ = {
			isa = PBXTargetDependency;
			target = 09E1FFBB2A99A19500C4AE69 /* GCDWebServer-Swift */;
			targetProxy = 09E1FFD22A99D4BF00C4AE69 /* PBXContainerItemProxy */;
		};
/* End PBXTargetDependency section */

/* Begin XCBuildConfiguration section */
		0970EBF22AA8721600E88014 /* Debug */ = {
			isa = XCBuildConfiguration;
			buildSettings = {
				CODE_SIGN_STYLE = Automatic;
				CURRENT_PROJECT_VERSION = 1;
				DEVELOPMENT_TEAM = H9UMT4PKB7;
				GENERATE_INFOPLIST_FILE = YES;
				MARKETING_VERSION = 1.0;
				PRODUCT_BUNDLE_IDENTIFIER = "okuda-semi.GCDWebServerConnectionTests";
				PRODUCT_NAME = "$(TARGET_NAME)";
				SWIFT_EMIT_LOC_STRINGS = NO;
				SWIFT_VERSION = 5.0;
				TARGETED_DEVICE_FAMILY = "1,2";
			};
			name = Debug;
		};
		0970EBF32AA8721600E88014 /* Release */ = {
			isa = XCBuildConfiguration;
			buildSettings = {
				CODE_SIGN_STYLE = Automatic;
				CURRENT_PROJECT_VERSION = 1;
				DEVELOPMENT_TEAM = H9UMT4PKB7;
				GENERATE_INFOPLIST_FILE = YES;
				MARKETING_VERSION = 1.0;
				PRODUCT_BUNDLE_IDENTIFIER = "okuda-semi.GCDWebServerConnectionTests";
				PRODUCT_NAME = "$(TARGET_NAME)";
				SWIFT_EMIT_LOC_STRINGS = NO;
				SWIFT_VERSION = 5.0;
				TARGETED_DEVICE_FAMILY = "1,2";
			};
			name = Release;
		};
		09E1FFC12A99A19500C4AE69 /* Debug */ = {
			isa = XCBuildConfiguration;
			buildSettings = {
				ALWAYS_SEARCH_USER_PATHS = NO;
				CLANG_ANALYZER_NONNULL = YES;
				CLANG_ANALYZER_NUMBER_OBJECT_CONVERSION = YES_AGGRESSIVE;
				CLANG_CXX_LANGUAGE_STANDARD = "gnu++20";
				CLANG_ENABLE_MODULES = YES;
				CLANG_ENABLE_OBJC_ARC = YES;
				CLANG_ENABLE_OBJC_WEAK = YES;
				CLANG_WARN_BLOCK_CAPTURE_AUTORELEASING = YES;
				CLANG_WARN_BOOL_CONVERSION = YES;
				CLANG_WARN_COMMA = YES;
				CLANG_WARN_CONSTANT_CONVERSION = YES;
				CLANG_WARN_DEPRECATED_OBJC_IMPLEMENTATIONS = YES;
				CLANG_WARN_DIRECT_OBJC_ISA_USAGE = YES_ERROR;
				CLANG_WARN_DOCUMENTATION_COMMENTS = YES;
				CLANG_WARN_EMPTY_BODY = YES;
				CLANG_WARN_ENUM_CONVERSION = YES;
				CLANG_WARN_INFINITE_RECURSION = YES;
				CLANG_WARN_INT_CONVERSION = YES;
				CLANG_WARN_NON_LITERAL_NULL_CONVERSION = YES;
				CLANG_WARN_OBJC_IMPLICIT_RETAIN_SELF = YES;
				CLANG_WARN_OBJC_LITERAL_CONVERSION = YES;
				CLANG_WARN_OBJC_ROOT_CLASS = YES_ERROR;
				CLANG_WARN_QUOTED_INCLUDE_IN_FRAMEWORK_HEADER = YES;
				CLANG_WARN_RANGE_LOOP_ANALYSIS = YES;
				CLANG_WARN_STRICT_PROTOTYPES = YES;
				CLANG_WARN_SUSPICIOUS_MOVE = YES;
				CLANG_WARN_UNGUARDED_AVAILABILITY = YES_AGGRESSIVE;
				CLANG_WARN_UNREACHABLE_CODE = YES;
				CLANG_WARN__DUPLICATE_METHOD_MATCH = YES;
				COPY_PHASE_STRIP = NO;
				DEBUG_INFORMATION_FORMAT = dwarf;
				ENABLE_STRICT_OBJC_MSGSEND = YES;
				ENABLE_TESTABILITY = YES;
				GCC_C_LANGUAGE_STANDARD = gnu11;
				GCC_DYNAMIC_NO_PIC = NO;
				GCC_NO_COMMON_BLOCKS = YES;
				GCC_OPTIMIZATION_LEVEL = 0;
				GCC_PREPROCESSOR_DEFINITIONS = (
					"DEBUG=1",
					"$(inherited)",
				);
				GCC_WARN_64_TO_32_BIT_CONVERSION = YES;
				GCC_WARN_ABOUT_RETURN_TYPE = YES_ERROR;
				GCC_WARN_UNDECLARED_SELECTOR = YES;
				GCC_WARN_UNINITIALIZED_AUTOS = YES_AGGRESSIVE;
				GCC_WARN_UNUSED_FUNCTION = YES;
				GCC_WARN_UNUSED_VARIABLE = YES;
				IPHONEOS_DEPLOYMENT_TARGET = 16.4;
				MTL_ENABLE_DEBUG_INFO = INCLUDE_SOURCE;
				MTL_FAST_MATH = YES;
				ONLY_ACTIVE_ARCH = YES;
				SDKROOT = iphoneos;
				SWIFT_ACTIVE_COMPILATION_CONDITIONS = DEBUG;
				SWIFT_OPTIMIZATION_LEVEL = "-Onone";
			};
			name = Debug;
		};
		09E1FFC22A99A19500C4AE69 /* Release */ = {
			isa = XCBuildConfiguration;
			buildSettings = {
				ALWAYS_SEARCH_USER_PATHS = NO;
				CLANG_ANALYZER_NONNULL = YES;
				CLANG_ANALYZER_NUMBER_OBJECT_CONVERSION = YES_AGGRESSIVE;
				CLANG_CXX_LANGUAGE_STANDARD = "gnu++20";
				CLANG_ENABLE_MODULES = YES;
				CLANG_ENABLE_OBJC_ARC = YES;
				CLANG_ENABLE_OBJC_WEAK = YES;
				CLANG_WARN_BLOCK_CAPTURE_AUTORELEASING = YES;
				CLANG_WARN_BOOL_CONVERSION = YES;
				CLANG_WARN_COMMA = YES;
				CLANG_WARN_CONSTANT_CONVERSION = YES;
				CLANG_WARN_DEPRECATED_OBJC_IMPLEMENTATIONS = YES;
				CLANG_WARN_DIRECT_OBJC_ISA_USAGE = YES_ERROR;
				CLANG_WARN_DOCUMENTATION_COMMENTS = YES;
				CLANG_WARN_EMPTY_BODY = YES;
				CLANG_WARN_ENUM_CONVERSION = YES;
				CLANG_WARN_INFINITE_RECURSION = YES;
				CLANG_WARN_INT_CONVERSION = YES;
				CLANG_WARN_NON_LITERAL_NULL_CONVERSION = YES;
				CLANG_WARN_OBJC_IMPLICIT_RETAIN_SELF = YES;
				CLANG_WARN_OBJC_LITERAL_CONVERSION = YES;
				CLANG_WARN_OBJC_ROOT_CLASS = YES_ERROR;
				CLANG_WARN_QUOTED_INCLUDE_IN_FRAMEWORK_HEADER = YES;
				CLANG_WARN_RANGE_LOOP_ANALYSIS = YES;
				CLANG_WARN_STRICT_PROTOTYPES = YES;
				CLANG_WARN_SUSPICIOUS_MOVE = YES;
				CLANG_WARN_UNGUARDED_AVAILABILITY = YES_AGGRESSIVE;
				CLANG_WARN_UNREACHABLE_CODE = YES;
				CLANG_WARN__DUPLICATE_METHOD_MATCH = YES;
				COPY_PHASE_STRIP = NO;
				DEBUG_INFORMATION_FORMAT = "dwarf-with-dsym";
				ENABLE_NS_ASSERTIONS = NO;
				ENABLE_STRICT_OBJC_MSGSEND = YES;
				GCC_C_LANGUAGE_STANDARD = gnu11;
				GCC_NO_COMMON_BLOCKS = YES;
				GCC_WARN_64_TO_32_BIT_CONVERSION = YES;
				GCC_WARN_ABOUT_RETURN_TYPE = YES_ERROR;
				GCC_WARN_UNDECLARED_SELECTOR = YES;
				GCC_WARN_UNINITIALIZED_AUTOS = YES_AGGRESSIVE;
				GCC_WARN_UNUSED_FUNCTION = YES;
				GCC_WARN_UNUSED_VARIABLE = YES;
				IPHONEOS_DEPLOYMENT_TARGET = 16.4;
				MTL_ENABLE_DEBUG_INFO = NO;
				MTL_FAST_MATH = YES;
				SDKROOT = iphoneos;
				SWIFT_COMPILATION_MODE = wholemodule;
				SWIFT_OPTIMIZATION_LEVEL = "-O";
				VALIDATE_PRODUCT = YES;
			};
			name = Release;
		};
		09E1FFC42A99A19500C4AE69 /* Debug */ = {
			isa = XCBuildConfiguration;
			buildSettings = {
				CODE_SIGN_STYLE = Automatic;
				DEVELOPMENT_TEAM = H9UMT4PKB7;
				OTHER_LDFLAGS = "-ObjC";
				PRODUCT_NAME = "$(TARGET_NAME)";
				SKIP_INSTALL = YES;
				SWIFT_VERSION = 5.0;
				TARGETED_DEVICE_FAMILY = "1,2";
			};
			name = Debug;
		};
		09E1FFC52A99A19500C4AE69 /* Release */ = {
			isa = XCBuildConfiguration;
			buildSettings = {
				CODE_SIGN_STYLE = Automatic;
				DEVELOPMENT_TEAM = H9UMT4PKB7;
				OTHER_LDFLAGS = "-ObjC";
				PRODUCT_NAME = "$(TARGET_NAME)";
				SKIP_INSTALL = YES;
				SWIFT_VERSION = 5.0;
				TARGETED_DEVICE_FAMILY = "1,2";
			};
			name = Release;
		};
		09E1FFD52A99D4BF00C4AE69 /* Debug */ = {
			isa = XCBuildConfiguration;
			buildSettings = {
				CODE_SIGN_STYLE = Automatic;
				CURRENT_PROJECT_VERSION = 1;
				DEVELOPMENT_TEAM = H9UMT4PKB7;
				GENERATE_INFOPLIST_FILE = YES;
				MARKETING_VERSION = 1.0;
				PRODUCT_BUNDLE_IDENTIFIER = "okuda-semi.Tests";
				PRODUCT_NAME = "$(TARGET_NAME)";
				SWIFT_EMIT_LOC_STRINGS = NO;
				SWIFT_VERSION = 5.0;
				TARGETED_DEVICE_FAMILY = "1,2";
			};
			name = Debug;
		};
		09E1FFD62A99D4BF00C4AE69 /* Release */ = {
			isa = XCBuildConfiguration;
			buildSettings = {
				CODE_SIGN_STYLE = Automatic;
				CURRENT_PROJECT_VERSION = 1;
				DEVELOPMENT_TEAM = H9UMT4PKB7;
				GENERATE_INFOPLIST_FILE = YES;
				MARKETING_VERSION = 1.0;
				PRODUCT_BUNDLE_IDENTIFIER = "okuda-semi.Tests";
				PRODUCT_NAME = "$(TARGET_NAME)";
				SWIFT_EMIT_LOC_STRINGS = NO;
				SWIFT_VERSION = 5.0;
				TARGETED_DEVICE_FAMILY = "1,2";
			};
			name = Release;
		};
/* End XCBuildConfiguration section */

/* Begin XCConfigurationList section */
		0970EBF12AA8721600E88014 /* Build configuration list for PBXNativeTarget "GCDWebServerConnectionTests" */ = {
			isa = XCConfigurationList;
			buildConfigurations = (
				0970EBF22AA8721600E88014 /* Debug */,
				0970EBF32AA8721600E88014 /* Release */,
			);
			defaultConfigurationIsVisible = 0;
			defaultConfigurationName = Release;
		};
		09E1FFB72A99A19500C4AE69 /* Build configuration list for PBXProject "GCDWebServer-Swift" */ = {
			isa = XCConfigurationList;
			buildConfigurations = (
				09E1FFC12A99A19500C4AE69 /* Debug */,
				09E1FFC22A99A19500C4AE69 /* Release */,
			);
			defaultConfigurationIsVisible = 0;
			defaultConfigurationName = Release;
		};
		09E1FFC32A99A19500C4AE69 /* Build configuration list for PBXNativeTarget "GCDWebServer-Swift" */ = {
			isa = XCConfigurationList;
			buildConfigurations = (
				09E1FFC42A99A19500C4AE69 /* Debug */,
				09E1FFC52A99A19500C4AE69 /* Release */,
			);
			defaultConfigurationIsVisible = 0;
			defaultConfigurationName = Release;
		};
		09E1FFD42A99D4BF00C4AE69 /* Build configuration list for PBXNativeTarget "Tests" */ = {
			isa = XCConfigurationList;
			buildConfigurations = (
				09E1FFD52A99D4BF00C4AE69 /* Debug */,
				09E1FFD62A99D4BF00C4AE69 /* Release */,
			);
			defaultConfigurationIsVisible = 0;
			defaultConfigurationName = Release;
		};
/* End XCConfigurationList section */
	};
	rootObject = 09E1FFB42A99A19500C4AE69 /* Project object */;
}
